{
  "requires": true,
  "lockfileVersion": 1,
  "dependencies": {
    "@angular/material-moment-adapter": {
      "version": "5.2.4",
      "resolved": "https://registry.npmjs.org/@angular/material-moment-adapter/-/material-moment-adapter-5.2.4.tgz",
      "integrity": "sha1-tuR4mYbLQhSJZyd3+nrwEo53Q28=",
      "requires": {
        "tslib": "1.9.0"
      }
    },
    "angular-material": {
      "version": "1.1.8",
      "resolved": "https://registry.npmjs.org/angular-material/-/angular-material-1.1.8.tgz",
      "integrity": "sha512-VNRKB3G65zb1ZNWThb5wyKCuYvjwW9O8O3RZQ4cnDXHxa6YdjnZvkEQnpsiuIvQyqP18itmM+NJZPOPGXxAIaQ=="
    },
    "angular2-moment": {
      "version": "1.8.0",
      "resolved": "https://registry.npmjs.org/angular2-moment/-/angular2-moment-1.8.0.tgz",
      "integrity": "sha512-cBppm4FM9sOtZr4eSnodjbIhvn3bZzuw1VIb3VN53/aWKQVrNosQVG7l0dnX5ifdy08i9Yd/5eGYOXw+Lb63YA==",
      "requires": {
        "moment": "2.21.0"
      }
    },
    "moment": {
      "version": "2.21.0",
      "resolved": "https://registry.npmjs.org/moment/-/moment-2.21.0.tgz",
      "integrity": "sha512-TCZ36BjURTeFTM/CwRcViQlfkMvL1/vFISuNLO5GkcVm1+QHfbSiNqZuWeMFjj1/3+uAjXswgRk30j1kkLYJBQ=="
    },
    "tslib": {
      "version": "1.9.0",
      "resolved": "https://registry.npmjs.org/tslib/-/tslib-1.9.0.tgz",
      "integrity": "sha512-f/qGG2tUkrISBlQZEjEqoZ3B2+npJjIf04H1wuAv9iA8i04Icp+61KRXxFdha22670NJopsZCIjhC3SnjPRKrQ=="
    },
    "typescript": {
      "version": "2.4.2",
      "resolved": "https://registry.npmjs.org/typescript/-/typescript-2.4.2.tgz",
      "integrity": "sha1-+DlfhdRZJ2BnyYiqQYN6j4KHCEQ="
    }
  }
}
